
Microsoft Visual Studio Solution File, Format Version 12.00
# Visual Studio Version 16
VisualStudioVersion = 16.0.28407.52
MinimumVisualStudioVersion = 10.0.40219.1
Project("{9A19103F-16F7-4668-BE54-9A1E7A4F7556}") = "Algorithms", "Algorithms\Algorithms.csproj", "{83D152E7-AC0C-4E0F-968F-83F10F21F69E}"
EndProject
Project("{9A19103F-16F7-4668-BE54-9A1E7A4F7556}") = "Hackerrank", "Hackerrank\Hackerrank.csproj", "{9A19BA94-4B9F-4E44-99E7-B1027573AF0C}"
EndProject
Project("{FAE04EC0-301F-11D3-BF4B-00C04F79EFBC}") = "CSharpTutorial", "CSharpTutorial\CSharpTutorial.csproj", "{3236CAC1-295C-4AAA-A139-1DF112730CE7}"
EndProject
Global
	GlobalSection(SolutionConfigurationPlatforms) = preSolution
		Debug|Any CPU = Debug|Any CPU
		Release|Any CPU = Release|Any CPU
	EndGlobalSection
	GlobalSection(ProjectConfigurationPlatforms) = postSolution
		{83D152E7-AC0C-4E0F-968F-83F10F21F69E}.Debug|Any CPU.ActiveCfg = Debug|Any CPU
		{83D152E7-AC0C-4E0F-968F-83F10F21F69E}.Debug|Any CPU.Build.0 = Debug|Any CPU
		{83D152E7-AC0C-4E0F-968F-83F10F21F69E}.Release|Any CPU.ActiveCfg = Release|Any CPU
		{83D152E7-AC0C-4E0F-968F-83F10F21F69E}.Release|Any CPU.Build.0 = Release|Any CPU
		{9A19BA94-4B9F-4E44-99E7-B1027573AF0C}.Debug|Any CPU.ActiveCfg = Debug|Any CPU
		{9A19BA94-4B9F-4E44-99E7-B1027573AF0C}.Debug|Any CPU.Build.0 = Debug|Any CPU
		{9A19BA94-4B9F-4E44-99E7-B1027573AF0C}.Release|Any CPU.ActiveCfg = Release|Any CPU
		{9A19BA94-4B9F-4E44-99E7-B1027573AF0C}.Release|Any CPU.Build.0 = Release|Any CPU
		{3236CAC1-295C-4AAA-A139-1DF112730CE7}.Debug|Any CPU.ActiveCfg = Debug|Any CPU
		{3236CAC1-295C-4AAA-A139-1DF112730CE7}.Debug|Any CPU.Build.0 = Debug|Any CPU
		{3236CAC1-295C-4AAA-A139-1DF112730CE7}.Release|Any CPU.ActiveCfg = Release|Any CPU
		{3236CAC1-295C-4AAA-A139-1DF112730CE7}.Release|Any CPU.Build.0 = Release|Any CPU
	EndGlobalSection
	GlobalSection(SolutionProperties) = preSolution
		HideSolutionNode = FALSE
	EndGlobalSection
	GlobalSection(ExtensibilityGlobals) = postSolution
		SolutionGuid = {19ED11A5-3A86-4E56-BA8A-6261949FCF03}
	EndGlobalSection
EndGlobal
